
Microsoft Visual Studio Solution File, Format Version 12.00
# Visual Studio Version 17
VisualStudioVersion = 17.5.001.0
MinimumVisualStudioVersion = 10.0.40219.1
Project("{9A19103F-16F7-4668-BE54-9A1E7A4F7556}") = "Library", "Library\Library.csproj", "{2B4AC092-7237-4623-A910-20E427E789F0}"
EndProject
Project("{9A19103F-16F7-4668-BE54-9A1E7A4F7556}") = "Program", "Program\Program.csproj", "{CE8329A2-2B1A-444A-9920-68139276483C}"
EndProject
Global
	GlobalSection(SolutionConfigurationPlatforms) = preSolution
		Debug|Any CPU = Debug|Any CPU
		Release|Any CPU = Release|Any CPU
	EndGlobalSection
	GlobalSection(ProjectConfigurationPlatforms) = postSolution
		{2B4AC092-7237-4623-A910-20E427E789F0}.Debug|Any CPU.ActiveCfg = Debug|Any CPU
		{2B4AC092-7237-4623-A910-20E427E789F0}.Debug|Any CPU.Build.0 = Debug|Any CPU
		{2B4AC092-7237-4623-A910-20E427E789F0}.Release|Any CPU.ActiveCfg = Release|Any CPU
		{2B4AC092-7237-4623-A910-20E427E789F0}.Release|Any CPU.Build.0 = Release|Any CPU
		{CE8329A2-2B1A-444A-9920-68139276483C}.Debug|Any CPU.ActiveCfg = Debug|Any CPU
		{CE8329A2-2B1A-444A-9920-68139276483C}.Debug|Any CPU.Build.0 = Debug|Any CPU
		{CE8329A2-2B1A-444A-9920-68139276483C}.Release|Any CPU.ActiveCfg = Release|Any CPU
		{CE8329A2-2B1A-444A-9920-68139276483C}.Release|Any CPU.Build.0 = Release|Any CPU
	EndGlobalSection
	GlobalSection(SolutionProperties) = preSolution
		HideSolutionNode = FALSE
	EndGlobalSection
	GlobalSection(ExtensibilityGlobals) = postSolution
		SolutionGuid = {BB2053CF-255B-42B8-A820-211879F70167}
	EndGlobalSection
EndGlobal
